
Microsoft Visual Studio Solution File, Format Version 12.00
# Visual Studio Version 17
VisualStudioVersion = 17.1.32319.34
MinimumVisualStudioVersion = 10.0.40219.1
Project("{FAE04EC0-301F-11D3-BF4B-00C04F79EFBC}") = "RichMan", "RichMan.csproj", "{AECCBFCA-C75C-4F26-9CB3-C92E22B85B2D}"
EndProject
Global
	GlobalSection(SolutionConfigurationPlatforms) = preSolution
		Debug|Any CPU = Debug|Any CPU
		Release|Any CPU = Release|Any CPU
	EndGlobalSection
	GlobalSection(ProjectConfigurationPlatforms) = postSolution
		{AECCBFCA-C75C-4F26-9CB3-C92E22B85B2D}.Debug|Any CPU.ActiveCfg = Debug|Any CPU
		{AECCBFCA-C75C-4F26-9CB3-C92E22B85B2D}.Debug|Any CPU.Build.0 = Debug|Any CPU
		{AECCBFCA-C75C-4F26-9CB3-C92E22B85B2D}.Release|Any CPU.ActiveCfg = Release|Any CPU
		{AECCBFCA-C75C-4F26-9CB3-C92E22B85B2D}.Release|Any CPU.Build.0 = Release|Any CPU
	EndGlobalSection
	GlobalSection(SolutionProperties) = preSolution
		HideSolutionNode = FALSE
	EndGlobalSection
	GlobalSection(ExtensibilityGlobals) = postSolution
		SolutionGuid = {97110C50-F87F-4008-BFD3-B8374720DC1D}
	EndGlobalSection
EndGlobal
